// !$*UTF8*$!
{
	archiveVersion = 1;
	classes = {
	};
	objectVersion = 51;
	objects = {

/* Begin PBXBuildFile section */
		30FCB6DBA38C55E3017BB843 /* Pods_KarbantartasNaploTests.framework in Frameworks */ = {isa = PBXBuildFile; fileRef = 3C73F84FB76D6B32C9C8FFC6 /* Pods_KarbantartasNaploTests.framework */; };
		5AAADE41977D66480B3CA11D /* Pods_KarbantartasNaploUITests.framework in Frameworks */ = {isa = PBXBuildFile; fileRef = 47E0F221C9D8056174E8CB8B /* Pods_KarbantartasNaploUITests.framework */; };
		65013CAC20D2CD0800C99B17 /* MyButton.swift in Sources */ = {isa = PBXBuildFile; fileRef = 65013CAB20D2CD0800C99B17 /* MyButton.swift */; };
		65163DBD216BBDAA00D1502A /* EditNoteViewController.swift in Sources */ = {isa = PBXBuildFile; fileRef = 65163DBC216BBDAA00D1502A /* EditNoteViewController.swift */; };
		65232EB420B2DA6E00B8BD20 /* SignUpViewController.swift in Sources */ = {isa = PBXBuildFile; fileRef = 65232EB320B2DA6E00B8BD20 /* SignUpViewController.swift */; };
		653487FE20BC5703002A8519 /* MyTextField.xib in Resources */ = {isa = PBXBuildFile; fileRef = 653487FD20BC5703002A8519 /* MyTextField.xib */; };
		6534880020BC5FC2002A8519 /* MyTextField.swift in Sources */ = {isa = PBXBuildFile; fileRef = 653487FF20BC5FC2002A8519 /* MyTextField.swift */; };
		653506A320A4891000CD611C /* AppDelegate.swift in Sources */ = {isa = PBXBuildFile; fileRef = 653506A220A4891000CD611C /* AppDelegate.swift */; };
		653506A520A4891000CD611C /* LoginViewController.swift in Sources */ = {isa = PBXBuildFile; fileRef = 653506A420A4891000CD611C /* LoginViewController.swift */; };
		653506A820A4891000CD611C /* Main.storyboard in Resources */ = {isa = PBXBuildFile; fileRef = 653506A620A4891000CD611C /* Main.storyboard */; };
		653506AA20A4891100CD611C /* Assets.xcassets in Resources */ = {isa = PBXBuildFile; fileRef = 653506A920A4891100CD611C /* Assets.xcassets */; };
		653506AD20A4891100CD611C /* LaunchScreen.storyboard in Resources */ = {isa = PBXBuildFile; fileRef = 653506AB20A4891100CD611C /* LaunchScreen.storyboard */; };
		653506B820A4891100CD611C /* KarbantartasNaploTests.swift in Sources */ = {isa = PBXBuildFile; fileRef = 653506B720A4891100CD611C /* KarbantartasNaploTests.swift */; };
		653506C320A4891100CD611C /* KarbantartasNaploUITests.swift in Sources */ = {isa = PBXBuildFile; fileRef = 653506C220A4891100CD611C /* KarbantartasNaploUITests.swift */; };
		6539C88620E4BE6400A2B3CF /* DetailsViewController.swift in Sources */ = {isa = PBXBuildFile; fileRef = 6539C88520E4BE6400A2B3CF /* DetailsViewController.swift */; };
		655ED7AB20CA6A7F0006E472 /* User.swift in Sources */ = {isa = PBXBuildFile; fileRef = 655ED7AA20CA6A7F0006E472 /* User.swift */; };
		655ED7AD20CA6CAF0006E472 /* DataCenter.swift in Sources */ = {isa = PBXBuildFile; fileRef = 655ED7AC20CA6CAF0006E472 /* DataCenter.swift */; };
		6566926620C2CD2600BE9A0A /* Constants.swift in Sources */ = {isa = PBXBuildFile; fileRef = 6566926520C2CD2600BE9A0A /* Constants.swift */; };
		656821CD20C95AD9001ED1AE /* NetworkManager.swift in Sources */ = {isa = PBXBuildFile; fileRef = 656821CC20C95AD9001ED1AE /* NetworkManager.swift */; };
		656AEFF920D924B400574F7C /* SummaryViewController.swift in Sources */ = {isa = PBXBuildFile; fileRef = 656AEFF820D924B400574F7C /* SummaryViewController.swift */; };
		656D92D520CEC146009CF273 /* Device.swift in Sources */ = {isa = PBXBuildFile; fileRef = 656D92D420CEC146009CF273 /* Device.swift */; };
		656D92D720CECC6F009CF273 /* DevicesViewController.swift in Sources */ = {isa = PBXBuildFile; fileRef = 656D92D620CECC6F009CF273 /* DevicesViewController.swift */; };
		65724802211D6E6800EEBDD8 /* ErrorView.xib in Resources */ = {isa = PBXBuildFile; fileRef = 65724801211D6E6800EEBDD8 /* ErrorView.xib */; };
		65724804211D70EC00EEBDD8 /* ErrorView.swift in Sources */ = {isa = PBXBuildFile; fileRef = 65724803211D70EC00EEBDD8 /* ErrorView.swift */; };
		6573C49620DBDE97006500AF /* SeverityView.xib in Resources */ = {isa = PBXBuildFile; fileRef = 6573C49520DBDE97006500AF /* SeverityView.xib */; };
		6573C49820DBE0C0006500AF /* SeverityView.swift in Sources */ = {isa = PBXBuildFile; fileRef = 6573C49720DBE0C0006500AF /* SeverityView.swift */; };
		6574123C23CB85B70092E62D /* InformationViewController.swift in Sources */ = {isa = PBXBuildFile; fileRef = 6574123B23CB85B70092E62D /* InformationViewController.swift */; };
		657AA9602122C24100C6953A /* NotesTableViewCell.swift in Sources */ = {isa = PBXBuildFile; fileRef = 657AA95F2122C24100C6953A /* NotesTableViewCell.swift */; };
		657BCBE82121A05F00486449 /* Note.swift in Sources */ = {isa = PBXBuildFile; fileRef = 657BCBE72121A05F00486449 /* Note.swift */; };
		657BCBEA2122012100486449 /* NotesViewController.swift in Sources */ = {isa = PBXBuildFile; fileRef = 657BCBE92122012100486449 /* NotesViewController.swift */; };
		657DF62720CBC68A0066C81D /* Login.swift in Sources */ = {isa = PBXBuildFile; fileRef = 657DF62620CBC68A0066C81D /* Login.swift */; };
		6580025A20D550F100011C93 /* Enumerations.swift in Sources */ = {isa = PBXBuildFile; fileRef = 6580025920D550F100011C93 /* Enumerations.swift */; };
		6584D77E20CFC34400121A17 /* DevicesTableViewCell.swift in Sources */ = {isa = PBXBuildFile; fileRef = 6584D77D20CFC34400121A17 /* DevicesTableViewCell.swift */; };
		6584D78020CFD32200121A17 /* CircleView.swift in Sources */ = {isa = PBXBuildFile; fileRef = 6584D77F20CFD32200121A17 /* CircleView.swift */; };
		6586C7B3212955AB000E5743 /* Extensions.swift in Sources */ = {isa = PBXBuildFile; fileRef = 6586C7B2212955AB000E5743 /* Extensions.swift */; };
		65A7EE562185FE70009F1CC2 /* MyFloatingButton.swift in Sources */ = {isa = PBXBuildFile; fileRef = 65A7EE552185FE70009F1CC2 /* MyFloatingButton.swift */; };
		65F78F8320E66C49009FDB9E /* CircleProgressView.swift in Sources */ = {isa = PBXBuildFile; fileRef = 65F78F8220E66C49009FDB9E /* CircleProgressView.swift */; };
		6EA8553689F23DC4372D2231 /* Pods_KarbantartasNaplo.framework in Frameworks */ = {isa = PBXBuildFile; fileRef = 0069916325CB8449F93428E9 /* Pods_KarbantartasNaplo.framework */; };
/* End PBXBuildFile section */

/* Begin PBXContainerItemProxy section */
		653506B420A4891100CD611C /* PBXContainerItemProxy */ = {
			isa = PBXContainerItemProxy;
			containerPortal = 6535069720A4891000CD611C /* Project object */;
			proxyType = 1;
			remoteGlobalIDString = 6535069E20A4891000CD611C;
			remoteInfo = KarbantartasNaplo;
		};
		653506BF20A4891100CD611C /* PBXContainerItemProxy */ = {
			isa = PBXContainerItemProxy;
			containerPortal = 6535069720A4891000CD611C /* Project object */;
			proxyType = 1;
			remoteGlobalIDString = 6535069E20A4891000CD611C;
			remoteInfo = KarbantartasNaplo;
		};
/* End PBXContainerItemProxy section */

/* Begin PBXFileReference section */
		0069916325CB8449F93428E9 /* Pods_KarbantartasNaplo.framework */ = {isa = PBXFileReference; explicitFileType = wrapper.framework; includeInIndex = 0; path = Pods_KarbantartasNaplo.framework; sourceTree = BUILT_PRODUCTS_DIR; };
		1CA99DB62C6B965D77EC51A6 /* Pods-KarbantartasNaploUITests.release.xcconfig */ = {isa = PBXFileReference; includeInIndex = 1; lastKnownFileType = text.xcconfig; name = "Pods-KarbantartasNaploUITests.release.xcconfig"; path = "Pods/Target Support Files/Pods-KarbantartasNaploUITests/Pods-KarbantartasNaploUITests.release.xcconfig"; sourceTree = "<group>"; };
		218C7CFE1D53C7E14490A227 /* Pods-KarbantartasNaplo.release.xcconfig */ = {isa = PBXFileReference; includeInIndex = 1; lastKnownFileType = text.xcconfig; name = "Pods-KarbantartasNaplo.release.xcconfig"; path = "Pods/Target Support Files/Pods-KarbantartasNaplo/Pods-KarbantartasNaplo.release.xcconfig"; sourceTree = "<group>"; };
		2F395FE43EEDF9D4741E0626 /* Pods-KarbantartasNaploTests.release.xcconfig */ = {isa = PBXFileReference; includeInIndex = 1; lastKnownFileType = text.xcconfig; name = "Pods-KarbantartasNaploTests.release.xcconfig"; path = "Pods/Target Support Files/Pods-KarbantartasNaploTests/Pods-KarbantartasNaploTests.release.xcconfig"; sourceTree = "<group>"; };
		3C73F84FB76D6B32C9C8FFC6 /* Pods_KarbantartasNaploTests.framework */ = {isa = PBXFileReference; explicitFileType = wrapper.framework; includeInIndex = 0; path = Pods_KarbantartasNaploTests.framework; sourceTree = BUILT_PRODUCTS_DIR; };
		3F12C457F2A6715F7E18AEBF /* Pods-KarbantartasNaploTests.debug.xcconfig */ = {isa = PBXFileReference; includeInIndex = 1; lastKnownFileType = text.xcconfig; name = "Pods-KarbantartasNaploTests.debug.xcconfig"; path = "Pods/Target Support Files/Pods-KarbantartasNaploTests/Pods-KarbantartasNaploTests.debug.xcconfig"; sourceTree = "<group>"; };
		470AF61E547F8156A9E7994C /* Pods-KarbantartasNaplo.debug.xcconfig */ = {isa = PBXFileReference; includeInIndex = 1; lastKnownFileType = text.xcconfig; name = "Pods-KarbantartasNaplo.debug.xcconfig"; path = "Pods/Target Support Files/Pods-KarbantartasNaplo/Pods-KarbantartasNaplo.debug.xcconfig"; sourceTree = "<group>"; };
		47E0F221C9D8056174E8CB8B /* Pods_KarbantartasNaploUITests.framework */ = {isa = PBXFileReference; explicitFileType = wrapper.framework; includeInIndex = 0; path = Pods_KarbantartasNaploUITests.framework; sourceTree = BUILT_PRODUCTS_DIR; };
		65013CAB20D2CD0800C99B17 /* MyButton.swift */ = {isa = PBXFileReference; lastKnownFileType = sourcecode.swift; path = MyButton.swift; sourceTree = "<group>"; };
		65163DBC216BBDAA00D1502A /* EditNoteViewController.swift */ = {isa = PBXFileReference; lastKnownFileType = sourcecode.swift; path = EditNoteViewController.swift; sourceTree = "<group>"; };
		65232EB320B2DA6E00B8BD20 /* SignUpViewController.swift */ = {isa = PBXFileReference; lastKnownFileType = sourcecode.swift; path = SignUpViewController.swift; sourceTree = "<group>"; };
		653487FD20BC5703002A8519 /* MyTextField.xib */ = {isa = PBXFileReference; lastKnownFileType = file.xib; path = MyTextField.xib; sourceTree = "<group>"; };
		653487FF20BC5FC2002A8519 /* MyTextField.swift */ = {isa = PBXFileReference; lastKnownFileType = sourcecode.swift; path = MyTextField.swift; sourceTree = "<group>"; };
		6535069F20A4891000CD611C /* KarbantartasNaplo.app */ = {isa = PBXFileReference; explicitFileType = wrapper.application; includeInIndex = 0; path = KarbantartasNaplo.app; sourceTree = BUILT_PRODUCTS_DIR; };
		653506A220A4891000CD611C /* AppDelegate.swift */ = {isa = PBXFileReference; lastKnownFileType = sourcecode.swift; path = AppDelegate.swift; sourceTree = "<group>"; };
		653506A420A4891000CD611C /* LoginViewController.swift */ = {isa = PBXFileReference; lastKnownFileType = sourcecode.swift; path = LoginViewController.swift; sourceTree = "<group>"; };
		653506A720A4891000CD611C /* Base */ = {isa = PBXFileReference; lastKnownFileType = file.storyboard; name = Base; path = Base.lproj/Main.storyboard; sourceTree = "<group>"; };
		653506A920A4891100CD611C /* Assets.xcassets */ = {isa = PBXFileReference; lastKnownFileType = folder.assetcatalog; path = Assets.xcassets; sourceTree = "<group>"; };
		653506AC20A4891100CD611C /* Base */ = {isa = PBXFileReference; lastKnownFileType = file.storyboard; name = Base; path = Base.lproj/LaunchScreen.storyboard; sourceTree = "<group>"; };
		653506AE20A4891100CD611C /* Info.plist */ = {isa = PBXFileReference; lastKnownFileType = text.plist.xml; path = Info.plist; sourceTree = "<group>"; };
		653506B320A4891100CD611C /* KarbantartasNaploTests.xctest */ = {isa = PBXFileReference; explicitFileType = wrapper.cfbundle; includeInIndex = 0; path = KarbantartasNaploTests.xctest; sourceTree = BUILT_PRODUCTS_DIR; };
		653506B720A4891100CD611C /* KarbantartasNaploTests.swift */ = {isa = PBXFileReference; lastKnownFileType = sourcecode.swift; path = KarbantartasNaploTests.swift; sourceTree = "<group>"; };
		653506B920A4891100CD611C /* Info.plist */ = {isa = PBXFileReference; lastKnownFileType = text.plist.xml; path = Info.plist; sourceTree = "<group>"; };
		653506BE20A4891100CD611C /* KarbantartasNaploUITests.xctest */ = {isa = PBXFileReference; explicitFileType = wrapper.cfbundle; includeInIndex = 0; path = KarbantartasNaploUITests.xctest; sourceTree = BUILT_PRODUCTS_DIR; };
		653506C220A4891100CD611C /* KarbantartasNaploUITests.swift */ = {isa = PBXFileReference; lastKnownFileType = sourcecode.swift; path = KarbantartasNaploUITests.swift; sourceTree = "<group>"; };
		653506C420A4891100CD611C /* Info.plist */ = {isa = PBXFileReference; lastKnownFileType = text.plist.xml; path = Info.plist; sourceTree = "<group>"; };
		6539C88520E4BE6400A2B3CF /* DetailsViewController.swift */ = {isa = PBXFileReference; lastKnownFileType = sourcecode.swift; path = DetailsViewController.swift; sourceTree = "<group>"; };
		655ED7AA20CA6A7F0006E472 /* User.swift */ = {isa = PBXFileReference; lastKnownFileType = sourcecode.swift; path = User.swift; sourceTree = "<group>"; };
		655ED7AC20CA6CAF0006E472 /* DataCenter.swift */ = {isa = PBXFileReference; lastKnownFileType = sourcecode.swift; path = DataCenter.swift; sourceTree = "<group>"; };
		6566926520C2CD2600BE9A0A /* Constants.swift */ = {isa = PBXFileReference; lastKnownFileType = sourcecode.swift; path = Constants.swift; sourceTree = "<group>"; };
		656821CC20C95AD9001ED1AE /* NetworkManager.swift */ = {isa = PBXFileReference; lastKnownFileType = sourcecode.swift; path = NetworkManager.swift; sourceTree = "<group>"; };
		656AEFF820D924B400574F7C /* SummaryViewController.swift */ = {isa = PBXFileReference; lastKnownFileType = sourcecode.swift; path = SummaryViewController.swift; sourceTree = "<group>"; };
		656D92D420CEC146009CF273 /* Device.swift */ = {isa = PBXFileReference; lastKnownFileType = sourcecode.swift; path = Device.swift; sourceTree = "<group>"; };
		656D92D620CECC6F009CF273 /* DevicesViewController.swift */ = {isa = PBXFileReference; lastKnownFileType = sourcecode.swift; path = DevicesViewController.swift; sourceTree = "<group>"; };
		65724801211D6E6800EEBDD8 /* ErrorView.xib */ = {isa = PBXFileReference; lastKnownFileType = file.xib; path = ErrorView.xib; sourceTree = "<group>"; };
		65724803211D70EC00EEBDD8 /* ErrorView.swift */ = {isa = PBXFileReference; lastKnownFileType = sourcecode.swift; path = ErrorView.swift; sourceTree = "<group>"; };
		6573C49520DBDE97006500AF /* SeverityView.xib */ = {isa = PBXFileReference; lastKnownFileType = file.xib; path = SeverityView.xib; sourceTree = "<group>"; };
		6573C49720DBE0C0006500AF /* SeverityView.swift */ = {isa = PBXFileReference; lastKnownFileType = sourcecode.swift; path = SeverityView.swift; sourceTree = "<group>"; };
		6574123B23CB85B70092E62D /* InformationViewController.swift */ = {isa = PBXFileReference; lastKnownFileType = sourcecode.swift; path = InformationViewController.swift; sourceTree = "<group>"; };
		657AA95F2122C24100C6953A /* NotesTableViewCell.swift */ = {isa = PBXFileReference; lastKnownFileType = sourcecode.swift; path = NotesTableViewCell.swift; sourceTree = "<group>"; };
		657BCBE72121A05F00486449 /* Note.swift */ = {isa = PBXFileReference; lastKnownFileType = sourcecode.swift; path = Note.swift; sourceTree = "<group>"; };
		657BCBE92122012100486449 /* NotesViewController.swift */ = {isa = PBXFileReference; lastKnownFileType = sourcecode.swift; path = NotesViewController.swift; sourceTree = "<group>"; };
		657DF62620CBC68A0066C81D /* Login.swift */ = {isa = PBXFileReference; lastKnownFileType = sourcecode.swift; path = Login.swift; sourceTree = "<group>"; };
		6580025920D550F100011C93 /* Enumerations.swift */ = {isa = PBXFileReference; lastKnownFileType = sourcecode.swift; path = Enumerations.swift; sourceTree = "<group>"; };
		6584D77D20CFC34400121A17 /* DevicesTableViewCell.swift */ = {isa = PBXFileReference; lastKnownFileType = sourcecode.swift; path = DevicesTableViewCell.swift; sourceTree = "<group>"; };
		6584D77F20CFD32200121A17 /* CircleView.swift */ = {isa = PBXFileReference; lastKnownFileType = sourcecode.swift; path = CircleView.swift; sourceTree = "<group>"; };
		6586C7B2212955AB000E5743 /* Extensions.swift */ = {isa = PBXFileReference; lastKnownFileType = sourcecode.swift; path = Extensions.swift; sourceTree = "<group>"; };
		65A7EE552185FE70009F1CC2 /* MyFloatingButton.swift */ = {isa = PBXFileReference; lastKnownFileType = sourcecode.swift; path = MyFloatingButton.swift; sourceTree = "<group>"; };
		65F78F8220E66C49009FDB9E /* CircleProgressView.swift */ = {isa = PBXFileReference; lastKnownFileType = sourcecode.swift; path = CircleProgressView.swift; sourceTree = "<group>"; };
		D0E3C38409969B88A6F9B909 /* Pods-KarbantartasNaploUITests.debug.xcconfig */ = {isa = PBXFileReference; includeInIndex = 1; lastKnownFileType = text.xcconfig; name = "Pods-KarbantartasNaploUITests.debug.xcconfig"; path = "Pods/Target Support Files/Pods-KarbantartasNaploUITests/Pods-KarbantartasNaploUITests.debug.xcconfig"; sourceTree = "<group>"; };
/* End PBXFileReference section */

/* Begin PBXFrameworksBuildPhase section */
		6535069C20A4891000CD611C /* Frameworks */ = {
			isa = PBXFrameworksBuildPhase;
			buildActionMask = 2147483647;
			files = (
				6EA8553689F23DC4372D2231 /* Pods_KarbantartasNaplo.framework in Frameworks */,
			);
			runOnlyForDeploymentPostprocessing = 0;
		};
		653506B020A4891100CD611C /* Frameworks */ = {
			isa = PBXFrameworksBuildPhase;
			buildActionMask = 2147483647;
			files = (
				30FCB6DBA38C55E3017BB843 /* Pods_KarbantartasNaploTests.framework in Frameworks */,
			);
			runOnlyForDeploymentPostprocessing = 0;
		};
		653506BB20A4891100CD611C /* Frameworks */ = {
			isa = PBXFrameworksBuildPhase;
			buildActionMask = 2147483647;
			files = (
				5AAADE41977D66480B3CA11D /* Pods_KarbantartasNaploUITests.framework in Frameworks */,
			);
			runOnlyForDeploymentPostprocessing = 0;
		};
/* End PBXFrameworksBuildPhase section */

/* Begin PBXGroup section */
		3A7D0BD972CD0FFE1A5B9F7B /* Pods */ = {
			isa = PBXGroup;
			children = (
				470AF61E547F8156A9E7994C /* Pods-KarbantartasNaplo.debug.xcconfig */,
				218C7CFE1D53C7E14490A227 /* Pods-KarbantartasNaplo.release.xcconfig */,
				3F12C457F2A6715F7E18AEBF /* Pods-KarbantartasNaploTests.debug.xcconfig */,
				2F395FE43EEDF9D4741E0626 /* Pods-KarbantartasNaploTests.release.xcconfig */,
				D0E3C38409969B88A6F9B909 /* Pods-KarbantartasNaploUITests.debug.xcconfig */,
				1CA99DB62C6B965D77EC51A6 /* Pods-KarbantartasNaploUITests.release.xcconfig */,
			);
			name = Pods;
			sourceTree = "<group>";
		};
		65232EB220B2D9E200B8BD20 /* Controller */ = {
			isa = PBXGroup;
			children = (
				6539C88520E4BE6400A2B3CF /* DetailsViewController.swift */,
				656D92D620CECC6F009CF273 /* DevicesViewController.swift */,
				65163DBC216BBDAA00D1502A /* EditNoteViewController.swift */,
				6574123B23CB85B70092E62D /* InformationViewController.swift */,
				653506A420A4891000CD611C /* LoginViewController.swift */,
				657BCBE92122012100486449 /* NotesViewController.swift */,
				65232EB320B2DA6E00B8BD20 /* SignUpViewController.swift */,
				656AEFF820D924B400574F7C /* SummaryViewController.swift */,
			);
			path = Controller;
			sourceTree = "<group>";
		};
		653487FC20BC563B002A8519 /* View */ = {
			isa = PBXGroup;
			children = (
				65F78F8220E66C49009FDB9E /* CircleProgressView.swift */,
				6584D77F20CFD32200121A17 /* CircleView.swift */,
				6584D77D20CFC34400121A17 /* DevicesTableViewCell.swift */,
				65724803211D70EC00EEBDD8 /* ErrorView.swift */,
				65724801211D6E6800EEBDD8 /* ErrorView.xib */,
				653506AB20A4891100CD611C /* LaunchScreen.storyboard */,
				653506A620A4891000CD611C /* Main.storyboard */,
				65013CAB20D2CD0800C99B17 /* MyButton.swift */,
				65A7EE552185FE70009F1CC2 /* MyFloatingButton.swift */,
				653487FF20BC5FC2002A8519 /* MyTextField.swift */,
				653487FD20BC5703002A8519 /* MyTextField.xib */,
				657AA95F2122C24100C6953A /* NotesTableViewCell.swift */,
				6573C49720DBE0C0006500AF /* SeverityView.swift */,
				6573C49520DBDE97006500AF /* SeverityView.xib */,
			);
			path = View;
			sourceTree = "<group>";
		};
		6535069620A4891000CD611C = {
			isa = PBXGroup;
			children = (
				653506A120A4891000CD611C /* KarbantartasNaplo */,
				653506B620A4891100CD611C /* KarbantartasNaploTests */,
				653506C120A4891100CD611C /* KarbantartasNaploUITests */,
				653506A020A4891000CD611C /* Products */,
				3A7D0BD972CD0FFE1A5B9F7B /* Pods */,
				8F4B0E0410D79CFB45368DEC /* Frameworks */,
			);
			sourceTree = "<group>";
		};
		653506A020A4891000CD611C /* Products */ = {
			isa = PBXGroup;
			children = (
				6535069F20A4891000CD611C /* KarbantartasNaplo.app */,
				653506B320A4891100CD611C /* KarbantartasNaploTests.xctest */,
				653506BE20A4891100CD611C /* KarbantartasNaploUITests.xctest */,
			);
			name = Products;
			sourceTree = "<group>";
		};
		653506A120A4891000CD611C /* KarbantartasNaplo */ = {
			isa = PBXGroup;
			children = (
				653506A220A4891000CD611C /* AppDelegate.swift */,
				6566926520C2CD2600BE9A0A /* Constants.swift */,
				6580025920D550F100011C93 /* Enumerations.swift */,
				6586C7B2212955AB000E5743 /* Extensions.swift */,
				655ED7A920CA69530006E472 /* Model */,
				653487FC20BC563B002A8519 /* View */,
				65232EB220B2D9E200B8BD20 /* Controller */,
				653506A920A4891100CD611C /* Assets.xcassets */,
				653506AE20A4891100CD611C /* Info.plist */,
			);
			path = KarbantartasNaplo;
			sourceTree = "<group>";
		};
		653506B620A4891100CD611C /* KarbantartasNaploTests */ = {
			isa = PBXGroup;
			children = (
				653506B720A4891100CD611C /* KarbantartasNaploTests.swift */,
				653506B920A4891100CD611C /* Info.plist */,
			);
			path = KarbantartasNaploTests;
			sourceTree = "<group>";
		};
		653506C120A4891100CD611C /* KarbantartasNaploUITests */ = {
			isa = PBXGroup;
			children = (
				653506C220A4891100CD611C /* KarbantartasNaploUITests.swift */,
				653506C420A4891100CD611C /* Info.plist */,
			);
			path = KarbantartasNaploUITests;
			sourceTree = "<group>";
		};
		655ED7A920CA69530006E472 /* Model */ = {
			isa = PBXGroup;
			children = (
				655ED7AC20CA6CAF0006E472 /* DataCenter.swift */,
				656D92D420CEC146009CF273 /* Device.swift */,
				657DF62620CBC68A0066C81D /* Login.swift */,
				656821CC20C95AD9001ED1AE /* NetworkManager.swift */,
				657BCBE72121A05F00486449 /* Note.swift */,
				655ED7AA20CA6A7F0006E472 /* User.swift */,
			);
			path = Model;
			sourceTree = "<group>";
		};
		8F4B0E0410D79CFB45368DEC /* Frameworks */ = {
			isa = PBXGroup;
			children = (
				0069916325CB8449F93428E9 /* Pods_KarbantartasNaplo.framework */,
				3C73F84FB76D6B32C9C8FFC6 /* Pods_KarbantartasNaploTests.framework */,
				47E0F221C9D8056174E8CB8B /* Pods_KarbantartasNaploUITests.framework */,
			);
			name = Frameworks;
			sourceTree = "<group>";
		};
/* End PBXGroup section */

/* Begin PBXNativeTarget section */
		6535069E20A4891000CD611C /* KarbantartasNaplo */ = {
			isa = PBXNativeTarget;
			buildConfigurationList = 653506C720A4891100CD611C /* Build configuration list for PBXNativeTarget "KarbantartasNaplo" */;
			buildPhases = (
				C6EAB44F60F05D0ED1A08A83 /* [CP] Check Pods Manifest.lock */,
				6535069B20A4891000CD611C /* Sources */,
				6535069C20A4891000CD611C /* Frameworks */,
				6535069D20A4891000CD611C /* Resources */,
				38B5A259389D25A29BB2229D /* [CP] Embed Pods Frameworks */,
			);
			buildRules = (
			);
			dependencies = (
			);
			name = KarbantartasNaplo;
			productName = KarbantartasNaplo;
			productReference = 6535069F20A4891000CD611C /* KarbantartasNaplo.app */;
			productType = "com.apple.product-type.application";
		};
		653506B220A4891100CD611C /* KarbantartasNaploTests */ = {
			isa = PBXNativeTarget;
			buildConfigurationList = 653506CA20A4891100CD611C /* Build configuration list for PBXNativeTarget "KarbantartasNaploTests" */;
			buildPhases = (
				CBE6829535E3ADE31C25C49E /* [CP] Check Pods Manifest.lock */,
				653506AF20A4891100CD611C /* Sources */,
				653506B020A4891100CD611C /* Frameworks */,
				653506B120A4891100CD611C /* Resources */,
			);
			buildRules = (
			);
			dependencies = (
				653506B520A4891100CD611C /* PBXTargetDependency */,
			);
			name = KarbantartasNaploTests;
			productName = KarbantartasNaploTests;
			productReference = 653506B320A4891100CD611C /* KarbantartasNaploTests.xctest */;
			productType = "com.apple.product-type.bundle.unit-test";
		};
		653506BD20A4891100CD611C /* KarbantartasNaploUITests */ = {
			isa = PBXNativeTarget;
			buildConfigurationList = 653506CD20A4891100CD611C /* Build configuration list for PBXNativeTarget "KarbantartasNaploUITests" */;
			buildPhases = (
				1BC62E261B4E9BBCAA91A64A /* [CP] Check Pods Manifest.lock */,
				653506BA20A4891100CD611C /* Sources */,
				653506BB20A4891100CD611C /* Frameworks */,
				653506BC20A4891100CD611C /* Resources */,
			);
			buildRules = (
			);
			dependencies = (
				653506C020A4891100CD611C /* PBXTargetDependency */,
			);
			name = KarbantartasNaploUITests;
			productName = KarbantartasNaploUITests;
			productReference = 653506BE20A4891100CD611C /* KarbantartasNaploUITests.xctest */;
			productType = "com.apple.product-type.bundle.ui-testing";
		};
/* End PBXNativeTarget section */

/* Begin PBXProject section */
		6535069720A4891000CD611C /* Project object */ = {
			isa = PBXProject;
			attributes = {
				LastSwiftUpdateCheck = 0930;
				LastUpgradeCheck = 0930;
				ORGANIZATIONNAME = Daniel;
				TargetAttributes = {
					6535069E20A4891000CD611C = {
						CreatedOnToolsVersion = 9.3;
						LastSwiftMigration = 1130;
					};
					653506B220A4891100CD611C = {
						CreatedOnToolsVersion = 9.3;
						LastSwiftMigration = 1130;
						TestTargetID = 6535069E20A4891000CD611C;
					};
					653506BD20A4891100CD611C = {
						CreatedOnToolsVersion = 9.3;
						LastSwiftMigration = 1130;
						TestTargetID = 6535069E20A4891000CD611C;
					};
				};
			};
			buildConfigurationList = 6535069A20A4891000CD611C /* Build configuration list for PBXProject "KarbantartasNaplo" */;
			compatibilityVersion = "Xcode 9.3";
			developmentRegion = en;
			hasScannedForEncodings = 0;
			knownRegions = (
				en,
				Base,
			);
			mainGroup = 6535069620A4891000CD611C;
			productRefGroup = 653506A020A4891000CD611C /* Products */;
			projectDirPath = "";
			projectRoot = "";
			targets = (
				6535069E20A4891000CD611C /* KarbantartasNaplo */,
				653506B220A4891100CD611C /* KarbantartasNaploTests */,
				653506BD20A4891100CD611C /* KarbantartasNaploUITests */,
			);
		};
/* End PBXProject section */

/* Begin PBXResourcesBuildPhase section */
		6535069D20A4891000CD611C /* Resources */ = {
			isa = PBXResourcesBuildPhase;
			buildActionMask = 2147483647;
			files = (
				653506AD20A4891100CD611C /* LaunchScreen.storyboard in Resources */,
				653506AA20A4891100CD611C /* Assets.xcassets in Resources */,
				6573C49620DBDE97006500AF /* SeverityView.xib in Resources */,
				65724802211D6E6800EEBDD8 /* ErrorView.xib in Resources */,
				653506A820A4891000CD611C /* Main.storyboard in Resources */,
				653487FE20BC5703002A8519 /* MyTextField.xib in Resources */,
			);
			runOnlyForDeploymentPostprocessing = 0;
		};
		653506B120A4891100CD611C /* Resources */ = {
			isa = PBXResourcesBuildPhase;
			buildActionMask = 2147483647;
			files = (
			);
			runOnlyForDeploymentPostprocessing = 0;
		};
		653506BC20A4891100CD611C /* Resources */ = {
			isa = PBXResourcesBuildPhase;
			buildActionMask = 2147483647;
			files = (
			);
			runOnlyForDeploymentPostprocessing = 0;
		};
/* End PBXResourcesBuildPhase section */

/* Begin PBXShellScriptBuildPhase section */
		1BC62E261B4E9BBCAA91A64A /* [CP] Check Pods Manifest.lock */ = {
			isa = PBXShellScriptBuildPhase;
			buildActionMask = 2147483647;
			files = (
			);
			inputPaths = (
				"${PODS_PODFILE_DIR_PATH}/Podfile.lock",
				"${PODS_ROOT}/Manifest.lock",
			);
			name = "[CP] Check Pods Manifest.lock";
			outputPaths = (
				"$(DERIVED_FILE_DIR)/Pods-KarbantartasNaploUITests-checkManifestLockResult.txt",
			);
			runOnlyForDeploymentPostprocessing = 0;
			shellPath = /bin/sh;
			shellScript = "diff \"${PODS_PODFILE_DIR_PATH}/Podfile.lock\" \"${PODS_ROOT}/Manifest.lock\" > /dev/null\nif [ $? != 0 ] ; then\n    # print error to STDERR\n    echo \"error: The sandbox is not in sync with the Podfile.lock. Run 'pod install' or update your CocoaPods installation.\" >&2\n    exit 1\nfi\n# This output is used by Xcode 'outputs' to avoid re-running this script phase.\necho \"SUCCESS\" > \"${SCRIPT_OUTPUT_FILE_0}\"\n";
			showEnvVarsInLog = 0;
		};
		38B5A259389D25A29BB2229D /* [CP] Embed Pods Frameworks */ = {
			isa = PBXShellScriptBuildPhase;
			buildActionMask = 2147483647;
			files = (
			);
			inputFileListPaths = (
				"${PODS_ROOT}/Target Support Files/Pods-KarbantartasNaplo/Pods-KarbantartasNaplo-frameworks-${CONFIGURATION}-input-files.xcfilelist",
			);
			name = "[CP] Embed Pods Frameworks";
			outputFileListPaths = (
				"${PODS_ROOT}/Target Support Files/Pods-KarbantartasNaplo/Pods-KarbantartasNaplo-frameworks-${CONFIGURATION}-output-files.xcfilelist",
			);
			runOnlyForDeploymentPostprocessing = 0;
			shellPath = /bin/sh;
			shellScript = "\"${PODS_ROOT}/Target Support Files/Pods-KarbantartasNaplo/Pods-KarbantartasNaplo-frameworks.sh\"\n";
			showEnvVarsInLog = 0;
		};
		C6EAB44F60F05D0ED1A08A83 /* [CP] Check Pods Manifest.lock */ = {
			isa = PBXShellScriptBuildPhase;
			buildActionMask = 2147483647;
			files = (
			);
			inputPaths = (
				"${PODS_PODFILE_DIR_PATH}/Podfile.lock",
				"${PODS_ROOT}/Manifest.lock",
			);
			name = "[CP] Check Pods Manifest.lock";
			outputPaths = (
				"$(DERIVED_FILE_DIR)/Pods-KarbantartasNaplo-checkManifestLockResult.txt",
			);
			runOnlyForDeploymentPostprocessing = 0;
			shellPath = /bin/sh;
			shellScript = "diff \"${PODS_PODFILE_DIR_PATH}/Podfile.lock\" \"${PODS_ROOT}/Manifest.lock\" > /dev/null\nif [ $? != 0 ] ; then\n    # print error to STDERR\n    echo \"error: The sandbox is not in sync with the Podfile.lock. Run 'pod install' or update your CocoaPods installation.\" >&2\n    exit 1\nfi\n# This output is used by Xcode 'outputs' to avoid re-running this script phase.\necho \"SUCCESS\" > \"${SCRIPT_OUTPUT_FILE_0}\"\n";
			showEnvVarsInLog = 0;
		};
		CBE6829535E3ADE31C25C49E /* [CP] Check Pods Manifest.lock */ = {
			isa = PBXShellScriptBuildPhase;
			buildActionMask = 2147483647;
			files = (
			);
			inputPaths = (
				"${PODS_PODFILE_DIR_PATH}/Podfile.lock",
				"${PODS_ROOT}/Manifest.lock",
			);
			name = "[CP] Check Pods Manifest.lock";
			outputPaths = (
				"$(DERIVED_FILE_DIR)/Pods-KarbantartasNaploTests-checkManifestLockResult.txt",
			);
			runOnlyForDeploymentPostprocessing = 0;
			shellPath = /bin/sh;
			shellScript = "diff \"${PODS_PODFILE_DIR_PATH}/Podfile.lock\" \"${PODS_ROOT}/Manifest.lock\" > /dev/null\nif [ $? != 0 ] ; then\n    # print error to STDERR\n    echo \"error: The sandbox is not in sync with the Podfile.lock. Run 'pod install' or update your CocoaPods installation.\" >&2\n    exit 1\nfi\n# This output is used by Xcode 'outputs' to avoid re-running this script phase.\necho \"SUCCESS\" > \"${SCRIPT_OUTPUT_FILE_0}\"\n";
			showEnvVarsInLog = 0;
		};
/* End PBXShellScriptBuildPhase section */

/* Begin PBXSourcesBuildPhase section */
		6535069B20A4891000CD611C /* Sources */ = {
			isa = PBXSourcesBuildPhase;
			buildActionMask = 2147483647;
			files = (
				65163DBD216BBDAA00D1502A /* EditNoteViewController.swift in Sources */,
				656821CD20C95AD9001ED1AE /* NetworkManager.swift in Sources */,
				6566926620C2CD2600BE9A0A /* Constants.swift in Sources */,
				65013CAC20D2CD0800C99B17 /* MyButton.swift in Sources */,
				65232EB420B2DA6E00B8BD20 /* SignUpViewController.swift in Sources */,
				653506A520A4891000CD611C /* LoginViewController.swift in Sources */,
				65A7EE562185FE70009F1CC2 /* MyFloatingButton.swift in Sources */,
				653506A320A4891000CD611C /* AppDelegate.swift in Sources */,
				656AEFF920D924B400574F7C /* SummaryViewController.swift in Sources */,
				657BCBE82121A05F00486449 /* Note.swift in Sources */,
				6534880020BC5FC2002A8519 /* MyTextField.swift in Sources */,
				6580025A20D550F100011C93 /* Enumerations.swift in Sources */,
				657DF62720CBC68A0066C81D /* Login.swift in Sources */,
				655ED7AD20CA6CAF0006E472 /* DataCenter.swift in Sources */,
				6539C88620E4BE6400A2B3CF /* DetailsViewController.swift in Sources */,
				65F78F8320E66C49009FDB9E /* CircleProgressView.swift in Sources */,
				657BCBEA2122012100486449 /* NotesViewController.swift in Sources */,
				6574123C23CB85B70092E62D /* InformationViewController.swift in Sources */,
				6573C49820DBE0C0006500AF /* SeverityView.swift in Sources */,
				6584D78020CFD32200121A17 /* CircleView.swift in Sources */,
				65724804211D70EC00EEBDD8 /* ErrorView.swift in Sources */,
				655ED7AB20CA6A7F0006E472 /* User.swift in Sources */,
				6586C7B3212955AB000E5743 /* Extensions.swift in Sources */,
				656D92D720CECC6F009CF273 /* DevicesViewController.swift in Sources */,
				656D92D520CEC146009CF273 /* Device.swift in Sources */,
				6584D77E20CFC34400121A17 /* DevicesTableViewCell.swift in Sources */,
				657AA9602122C24100C6953A /* NotesTableViewCell.swift in Sources */,
			);
			runOnlyForDeploymentPostprocessing = 0;
		};
		653506AF20A4891100CD611C /* Sources */ = {
			isa = PBXSourcesBuildPhase;
			buildActionMask = 2147483647;
			files = (
				653506B820A4891100CD611C /* KarbantartasNaploTests.swift in Sources */,
			);
			runOnlyForDeploymentPostprocessing = 0;
		};
		653506BA20A4891100CD611C /* Sources */ = {
			isa = PBXSourcesBuildPhase;
			buildActionMask = 2147483647;
			files = (
				653506C320A4891100CD611C /* KarbantartasNaploUITests.swift in Sources */,
			);
			runOnlyForDeploymentPostprocessing = 0;
		};
/* End PBXSourcesBuildPhase section */

/* Begin PBXTargetDependency section */
		653506B520A4891100CD611C /* PBXTargetDependency */ = {
			isa = PBXTargetDependency;
			target = 6535069E20A4891000CD611C /* KarbantartasNaplo */;
			targetProxy = 653506B420A4891100CD611C /* PBXContainerItemProxy */;
		};
		653506C020A4891100CD611C /* PBXTargetDependency */ = {
			isa = PBXTargetDependency;
			target = 6535069E20A4891000CD611C /* KarbantartasNaplo */;
			targetProxy = 653506BF20A4891100CD611C /* PBXContainerItemProxy */;
		};
/* End PBXTargetDependency section */

/* Begin PBXVariantGroup section */
		653506A620A4891000CD611C /* Main.storyboard */ = {
			isa = PBXVariantGroup;
			children = (
				653506A720A4891000CD611C /* Base */,
			);
			name = Main.storyboard;
			sourceTree = "<group>";
		};
		653506AB20A4891100CD611C /* LaunchScreen.storyboard */ = {
			isa = PBXVariantGroup;
			children = (
				653506AC20A4891100CD611C /* Base */,
			);
			name = LaunchScreen.storyboard;
			sourceTree = "<group>";
		};
/* End PBXVariantGroup section */

/* Begin XCBuildConfiguration section */
		653506C520A4891100CD611C /* Debug */ = {
			isa = XCBuildConfiguration;
			buildSettings = {
				ALWAYS_SEARCH_USER_PATHS = NO;
				CLANG_ANALYZER_NONNULL = YES;
				CLANG_ANALYZER_NUMBER_OBJECT_CONVERSION = YES_AGGRESSIVE;
				CLANG_CXX_LANGUAGE_STANDARD = "gnu++14";
				CLANG_CXX_LIBRARY = "libc++";
				CLANG_ENABLE_MODULES = YES;
				CLANG_ENABLE_OBJC_ARC = YES;
				CLANG_ENABLE_OBJC_WEAK = YES;
				CLANG_WARN_BLOCK_CAPTURE_AUTORELEASING = YES;
				CLANG_WARN_BOOL_CONVERSION = YES;
				CLANG_WARN_COMMA = YES;
				CLANG_WARN_CONSTANT_CONVERSION = YES;
				CLANG_WARN_DEPRECATED_OBJC_IMPLEMENTATIONS = YES;
				CLANG_WARN_DIRECT_OBJC_ISA_USAGE = YES_ERROR;
				CLANG_WARN_DOCUMENTATION_COMMENTS = YES;
				CLANG_WARN_EMPTY_BODY = YES;
				CLANG_WARN_ENUM_CONVERSION = YES;
				CLANG_WARN_INFINITE_RECURSION = YES;
				CLANG_WARN_INT_CONVERSION = YES;
				CLANG_WARN_NON_LITERAL_NULL_CONVERSION = YES;
				CLANG_WARN_OBJC_IMPLICIT_RETAIN_SELF = YES;
				CLANG_WARN_OBJC_LITERAL_CONVERSION = YES;
				CLANG_WARN_OBJC_ROOT_CLASS = YES_ERROR;
				CLANG_WARN_RANGE_LOOP_ANALYSIS = YES;
				CLANG_WARN_STRICT_PROTOTYPES = YES;
				CLANG_WARN_SUSPICIOUS_MOVE = YES;
				CLANG_WARN_UNGUARDED_AVAILABILITY = YES_AGGRESSIVE;
				CLANG_WARN_UNREACHABLE_CODE = YES;
				CLANG_WARN__DUPLICATE_METHOD_MATCH = YES;
				CODE_SIGN_IDENTITY = "iPhone Developer";
				COPY_PHASE_STRIP = NO;
				DEBUG_INFORMATION_FORMAT = dwarf;
				ENABLE_STRICT_OBJC_MSGSEND = YES;
				ENABLE_TESTABILITY = YES;
				GCC_C_LANGUAGE_STANDARD = gnu11;
				GCC_DYNAMIC_NO_PIC = NO;
				GCC_NO_COMMON_BLOCKS = YES;
				GCC_OPTIMIZATION_LEVEL = 0;
				GCC_PREPROCESSOR_DEFINITIONS = (
					"DEBUG=1",
					"$(inherited)",
				);
				GCC_WARN_64_TO_32_BIT_CONVERSION = YES;
				GCC_WARN_ABOUT_RETURN_TYPE = YES_ERROR;
				GCC_WARN_UNDECLARED_SELECTOR = YES;
				GCC_WARN_UNINITIALIZED_AUTOS = YES_AGGRESSIVE;
				GCC_WARN_UNUSED_FUNCTION = YES;
				GCC_WARN_UNUSED_VARIABLE = YES;
				IPHONEOS_DEPLOYMENT_TARGET = 11.3;
				MTL_ENABLE_DEBUG_INFO = YES;
				ONLY_ACTIVE_ARCH = YES;
				SDKROOT = iphoneos;
				SWIFT_ACTIVE_COMPILATION_CONDITIONS = DEBUG;
				SWIFT_OPTIMIZATION_LEVEL = "-Onone";
			};
			name = Debug;
		};
		653506C620A4891100CD611C /* Release */ = {
			isa = XCBuildConfiguration;
			buildSettings = {
				ALWAYS_SEARCH_USER_PATHS = NO;
				CLANG_ANALYZER_NONNULL = YES;
				CLANG_ANALYZER_NUMBER_OBJECT_CONVERSION = YES_AGGRESSIVE;
				CLANG_CXX_LANGUAGE_STANDARD = "gnu++14";
				CLANG_CXX_LIBRARY = "libc++";
				CLANG_ENABLE_MODULES = YES;
				CLANG_ENABLE_OBJC_ARC = YES;
				CLANG_ENABLE_OBJC_WEAK = YES;
				CLANG_WARN_BLOCK_CAPTURE_AUTORELEASING = YES;
				CLANG_WARN_BOOL_CONVERSION = YES;
				CLANG_WARN_COMMA = YES;
				CLANG_WARN_CONSTANT_CONVERSION = YES;
				CLANG_WARN_DEPRECATED_OBJC_IMPLEMENTATIONS = YES;
				CLANG_WARN_DIRECT_OBJC_ISA_USAGE = YES_ERROR;
				CLANG_WARN_DOCUMENTATION_COMMENTS = YES;
				CLANG_WARN_EMPTY_BODY = YES;
				CLANG_WARN_ENUM_CONVERSION = YES;
				CLANG_WARN_INFINITE_RECURSION = YES;
				CLANG_WARN_INT_CONVERSION = YES;
				CLANG_WARN_NON_LITERAL_NULL_CONVERSION = YES;
				CLANG_WARN_OBJC_IMPLICIT_RETAIN_SELF = YES;
				CLANG_WARN_OBJC_LITERAL_CONVERSION = YES;
				CLANG_WARN_OBJC_ROOT_CLASS = YES_ERROR;
				CLANG_WARN_RANGE_LOOP_ANALYSIS = YES;
				CLANG_WARN_STRICT_PROTOTYPES = YES;
				CLANG_WARN_SUSPICIOUS_MOVE = YES;
				CLANG_WARN_UNGUARDED_AVAILABILITY = YES_AGGRESSIVE;
				CLANG_WARN_UNREACHABLE_CODE = YES;
				CLANG_WARN__DUPLICATE_METHOD_MATCH = YES;
				CODE_SIGN_IDENTITY = "iPhone Developer";
				COPY_PHASE_STRIP = NO;
				DEBUG_INFORMATION_FORMAT = "dwarf-with-dsym";
				ENABLE_NS_ASSERTIONS = NO;
				ENABLE_STRICT_OBJC_MSGSEND = YES;
				GCC_C_LANGUAGE_STANDARD = gnu11;
				GCC_NO_COMMON_BLOCKS = YES;
				GCC_WARN_64_TO_32_BIT_CONVERSION = YES;
				GCC_WARN_ABOUT_RETURN_TYPE = YES_ERROR;
				GCC_WARN_UNDECLARED_SELECTOR = YES;
				GCC_WARN_UNINITIALIZED_AUTOS = YES_AGGRESSIVE;
				GCC_WARN_UNUSED_FUNCTION = YES;
				GCC_WARN_UNUSED_VARIABLE = YES;
				IPHONEOS_DEPLOYMENT_TARGET = 11.3;
				MTL_ENABLE_DEBUG_INFO = NO;
				SDKROOT = iphoneos;
				SWIFT_COMPILATION_MODE = wholemodule;
				SWIFT_OPTIMIZATION_LEVEL = "-O";
				VALIDATE_PRODUCT = YES;
			};
			name = Release;
		};
		653506C820A4891100CD611C /* Debug */ = {
			isa = XCBuildConfiguration;
			baseConfigurationReference = 470AF61E547F8156A9E7994C /* Pods-KarbantartasNaplo.debug.xcconfig */;
			buildSettings = {
				ASSETCATALOG_COMPILER_APPICON_NAME = AppIcon;
				CODE_SIGN_IDENTITY = "iPhone Developer";
				CODE_SIGN_STYLE = Automatic;
				DEVELOPMENT_TEAM = 57GL4674N6;
				INFOPLIST_FILE = KarbantartasNaplo/Info.plist;
				IPHONEOS_DEPLOYMENT_TARGET = 13.0;
				LD_RUNPATH_SEARCH_PATHS = (
					"$(inherited)",
					"@executable_path/Frameworks",
				);
				PRODUCT_BUNDLE_IDENTIFIER = hu.dnovak.KarbantartasNaplo;
				PRODUCT_NAME = "$(TARGET_NAME)";
				PROVISIONING_PROFILE = "";
				PROVISIONING_PROFILE_SPECIFIER = "";
				SWIFT_VERSION = 5.0;
				TARGETED_DEVICE_FAMILY = 1;
			};
			name = Debug;
		};
		653506C920A4891100CD611C /* Release */ = {
			isa = XCBuildConfiguration;
			baseConfigurationReference = 218C7CFE1D53C7E14490A227 /* Pods-KarbantartasNaplo.release.xcconfig */;
			buildSettings = {
				ASSETCATALOG_COMPILER_APPICON_NAME = AppIcon;
				CODE_SIGN_IDENTITY = "iPhone Developer";
				CODE_SIGN_STYLE = Automatic;
				DEVELOPMENT_TEAM = 57GL4674N6;
				INFOPLIST_FILE = KarbantartasNaplo/Info.plist;
				IPHONEOS_DEPLOYMENT_TARGET = 13.0;
				LD_RUNPATH_SEARCH_PATHS = (
					"$(inherited)",
					"@executable_path/Frameworks",
				);
				PRODUCT_BUNDLE_IDENTIFIER = hu.dnovak.KarbantartasNaplo;
				PRODUCT_NAME = "$(TARGET_NAME)";
				PROVISIONING_PROFILE = "";
				PROVISIONING_PROFILE_SPECIFIER = "";
				SWIFT_VERSION = 5.0;
				TARGETED_DEVICE_FAMILY = 1;
			};
			name = Release;
		};
		653506CB20A4891100CD611C /* Debug */ = {
			isa = XCBuildConfiguration;
			baseConfigurationReference = 3F12C457F2A6715F7E18AEBF /* Pods-KarbantartasNaploTests.debug.xcconfig */;
			buildSettings = {
				ALWAYS_EMBED_SWIFT_STANDARD_LIBRARIES = YES;
				BUNDLE_LOADER = "$(TEST_HOST)";
				"CODE_SIGN_IDENTITY[sdk=macosx*]" = "Apple Development";
				CODE_SIGN_STYLE = Automatic;
				DEVELOPMENT_TEAM = 57GL4674N6;
				INFOPLIST_FILE = KarbantartasNaploTests/Info.plist;
				LD_RUNPATH_SEARCH_PATHS = (
					"$(inherited)",
					"@executable_path/Frameworks",
					"@loader_path/Frameworks",
				);
				PRODUCT_BUNDLE_IDENTIFIER = hu.daniel.KarbantartasNaploTests;
				PRODUCT_NAME = "$(TARGET_NAME)";
				SWIFT_VERSION = 5.0;
				TARGETED_DEVICE_FAMILY = "1,2";
				TEST_HOST = "$(BUILT_PRODUCTS_DIR)/KarbantartasNaplo.app/KarbantartasNaplo";
			};
			name = Debug;
		};
		653506CC20A4891100CD611C /* Release */ = {
			isa = XCBuildConfiguration;
			baseConfigurationReference = 2F395FE43EEDF9D4741E0626 /* Pods-KarbantartasNaploTests.release.xcconfig */;
			buildSettings = {
				ALWAYS_EMBED_SWIFT_STANDARD_LIBRARIES = YES;
				BUNDLE_LOADER = "$(TEST_HOST)";
				"CODE_SIGN_IDENTITY[sdk=macosx*]" = "Apple Development";
				CODE_SIGN_STYLE = Automatic;
				DEVELOPMENT_TEAM = 57GL4674N6;
				INFOPLIST_FILE = KarbantartasNaploTests/Info.plist;
				LD_RUNPATH_SEARCH_PATHS = (
					"$(inherited)",
					"@executable_path/Frameworks",
					"@loader_path/Frameworks",
				);
				PRODUCT_BUNDLE_IDENTIFIER = hu.daniel.KarbantartasNaploTests;
				PRODUCT_NAME = "$(TARGET_NAME)";
				SWIFT_VERSION = 5.0;
				TARGETED_DEVICE_FAMILY = "1,2";
				TEST_HOST = "$(BUILT_PRODUCTS_DIR)/KarbantartasNaplo.app/KarbantartasNaplo";
			};
			name = Release;
		};
		653506CE20A4891100CD611C /* Debug */ = {
			isa = XCBuildConfiguration;
			baseConfigurationReference = D0E3C38409969B88A6F9B909 /* Pods-KarbantartasNaploUITests.debug.xcconfig */;
			buildSettings = {
				ALWAYS_EMBED_SWIFT_STANDARD_LIBRARIES = YES;
				CODE_SIGN_STYLE = Automatic;
				DEVELOPMENT_TEAM = 57GL4674N6;
				INFOPLIST_FILE = KarbantartasNaploUITests/Info.plist;
				LD_RUNPATH_SEARCH_PATHS = (
					"$(inherited)",
					"@executable_path/Frameworks",
					"@loader_path/Frameworks",
				);
				PRODUCT_BUNDLE_IDENTIFIER = hu.daniel.KarbantartasNaploUITests;
				PRODUCT_NAME = "$(TARGET_NAME)";
				SWIFT_VERSION = 5.0;
				TARGETED_DEVICE_FAMILY = "1,2";
				TEST_TARGET_NAME = KarbantartasNaplo;
			};
			name = Debug;
		};
		653506CF20A4891100CD611C /* Release */ = {
			isa = XCBuildConfiguration;
			baseConfigurationReference = 1CA99DB62C6B965D77EC51A6 /* Pods-KarbantartasNaploUITests.release.xcconfig */;
			buildSettings = {
				ALWAYS_EMBED_SWIFT_STANDARD_LIBRARIES = YES;
				CODE_SIGN_STYLE = Automatic;
				DEVELOPMENT_TEAM = 57GL4674N6;
				INFOPLIST_FILE = KarbantartasNaploUITests/Info.plist;
				LD_RUNPATH_SEARCH_PATHS = (
					"$(inherited)",
					"@executable_path/Frameworks",
					"@loader_path/Frameworks",
				);
				PRODUCT_BUNDLE_IDENTIFIER = hu.daniel.KarbantartasNaploUITests;
				PRODUCT_NAME = "$(TARGET_NAME)";
				SWIFT_VERSION = 5.0;
				TARGETED_DEVICE_FAMILY = "1,2";
				TEST_TARGET_NAME = KarbantartasNaplo;
			};
			name = Release;
		};
/* End XCBuildConfiguration section */

/* Begin XCConfigurationList section */
		6535069A20A4891000CD611C /* Build configuration list for PBXProject "KarbantartasNaplo" */ = {
			isa = XCConfigurationList;
			buildConfigurations = (
				653506C520A4891100CD611C /* Debug */,
				653506C620A4891100CD611C /* Release */,
			);
			defaultConfigurationIsVisible = 0;
			defaultConfigurationName = Release;
		};
		653506C720A4891100CD611C /* Build configuration list for PBXNativeTarget "KarbantartasNaplo" */ = {
			isa = XCConfigurationList;
			buildConfigurations = (
				653506C820A4891100CD611C /* Debug */,
				653506C920A4891100CD611C /* Release */,
			);
			defaultConfigurationIsVisible = 0;
			defaultConfigurationName = Release;
		};
		653506CA20A4891100CD611C /* Build configuration list for PBXNativeTarget "KarbantartasNaploTests" */ = {
			isa = XCConfigurationList;
			buildConfigurations = (
				653506CB20A4891100CD611C /* Debug */,
				653506CC20A4891100CD611C /* Release */,
			);
			defaultConfigurationIsVisible = 0;
			defaultConfigurationName = Release;
		};
		653506CD20A4891100CD611C /* Build configuration list for PBXNativeTarget "KarbantartasNaploUITests" */ = {
			isa = XCConfigurationList;
			buildConfigurations = (
				653506CE20A4891100CD611C /* Debug */,
				653506CF20A4891100CD611C /* Release */,
			);
			defaultConfigurationIsVisible = 0;
			defaultConfigurationName = Release;
		};
/* End XCConfigurationList section */
	};
	rootObject = 6535069720A4891000CD611C /* Project object */;
}
